
Microsoft Visual Studio Solution File, Format Version 12.00
# Visual Studio Version 17
VisualStudioVersion = 17.0.31903.59
MinimumVisualStudioVersion = 10.0.40219.1
Project("{2150E333-8FDC-42A3-9474-1A3956D46DE8}") = "src", "src", "{827E0CD3-B72D-47B6-A68D-7590B98EB39B}"
EndProject
Project("{FAE04EC0-301F-11D3-BF4B-00C04F79EFBC}") = "CAD2DModel", "src\CAD2DModel\CAD2DModel.csproj", "{221BAB51-F9B3-4587-BA8A-5E70477DCB79}"
EndProject
Project("{FAE04EC0-301F-11D3-BF4B-00C04F79EFBC}") = "CAD2DViewModels", "src\CAD2DViewModels\CAD2DViewModels.csproj", "{E30C750D-7883-4490-8A41-8C86A24BA03D}"
EndProject
Project("{FAE04EC0-301F-11D3-BF4B-00C04F79EFBC}") = "CAD2DView", "src\CAD2DView\CAD2DView.csproj", "{636D6F2A-6918-451B-8C76-9A539B9E7D0A}"
EndProject
Project("{FAE04EC0-301F-11D3-BF4B-00C04F79EFBC}") = "ScriptingModel", "src\ScriptingModel\ScriptingModel.csproj", "{373B3E0C-F917-49D2-B82E-1B9E2C0330A6}"
EndProject
Project("{FAE04EC0-301F-11D3-BF4B-00C04F79EFBC}") = "Examine2DModel", "src\Examine2DModel\Examine2DModel.csproj", "{51BD2D1E-DF67-4740-AACF-96DE970ED819}"
EndProject
Project("{FAE04EC0-301F-11D3-BF4B-00C04F79EFBC}") = "Examine2DSerialization", "src\Examine2DSerialization\Examine2DSerialization.csproj", "{B285C7E3-C8AA-4DCD-8979-D0F46DF5B0AC}"
EndProject
Project("{FAE04EC0-301F-11D3-BF4B-00C04F79EFBC}") = "Examine2DViewModels", "src\Examine2DViewModels\Examine2DViewModels.csproj", "{9D6B805A-2290-4645-AFE0-7B1017E4BF86}"
EndProject
Project("{FAE04EC0-301F-11D3-BF4B-00C04F79EFBC}") = "Examine2DView", "src\Examine2DView\Examine2DView.csproj", "{BA6E7D2A-FC55-4C67-9E9F-4D2BF9FA03C9}"
EndProject
Project("{FAE04EC0-301F-11D3-BF4B-00C04F79EFBC}") = "CAD2DModel.Tests", "tests\CAD2DModel.Tests\CAD2DModel.Tests.csproj", "{C470A22B-53EC-40AC-A6A2-85ABF934F5E4}"
EndProject
Project("{FAE04EC0-301F-11D3-BF4B-00C04F79EFBC}") = "Examine2DModel.Tests", "tests\Examine2DModel.Tests\Examine2DModel.Tests.csproj", "{4C4338C8-930B-4A4F-802D-9E7368B76338}"
EndProject
Project("{FAE04EC0-301F-11D3-BF4B-00C04F79EFBC}") = "Examine2D.IntegrationTests", "tests\Examine2D.IntegrationTests\Examine2D.IntegrationTests.csproj", "{55010F09-8AD6-4CAA-8497-91B9EE149802}"
EndProject
Project("{FAE04EC0-301F-11D3-BF4B-00C04F79EFBC}") = "ScriptingModel.Tests", "tests\ScriptingModel.Tests\ScriptingModel.Tests.csproj", "{27F929F6-AC7F-4C0C-8B27-97241E42B3A0}"
EndProject
Global
	GlobalSection(SolutionConfigurationPlatforms) = preSolution
		Debug|Any CPU = Debug|Any CPU
		Debug|x64 = Debug|x64
		Debug|x86 = Debug|x86
		Release|Any CPU = Release|Any CPU
		Release|x64 = Release|x64
		Release|x86 = Release|x86
	EndGlobalSection
	GlobalSection(ProjectConfigurationPlatforms) = postSolution
		{221BAB51-F9B3-4587-BA8A-5E70477DCB79}.Debug|Any CPU.ActiveCfg = Debug|Any CPU
		{221BAB51-F9B3-4587-BA8A-5E70477DCB79}.Debug|Any CPU.Build.0 = Debug|Any CPU
		{221BAB51-F9B3-4587-BA8A-5E70477DCB79}.Debug|x64.ActiveCfg = Debug|Any CPU
		{221BAB51-F9B3-4587-BA8A-5E70477DCB79}.Debug|x64.Build.0 = Debug|Any CPU
		{221BAB51-F9B3-4587-BA8A-5E70477DCB79}.Debug|x86.ActiveCfg = Debug|Any CPU
		{221BAB51-F9B3-4587-BA8A-5E70477DCB79}.Debug|x86.Build.0 = Debug|Any CPU
		{221BAB51-F9B3-4587-BA8A-5E70477DCB79}.Release|Any CPU.ActiveCfg = Release|Any CPU
		{221BAB51-F9B3-4587-BA8A-5E70477DCB79}.Release|Any CPU.Build.0 = Release|Any CPU
		{221BAB51-F9B3-4587-BA8A-5E70477DCB79}.Release|x64.ActiveCfg = Release|Any CPU
		{221BAB51-F9B3-4587-BA8A-5E70477DCB79}.Release|x64.Build.0 = Release|Any CPU
		{221BAB51-F9B3-4587-BA8A-5E70477DCB79}.Release|x86.ActiveCfg = Release|Any CPU
		{221BAB51-F9B3-4587-BA8A-5E70477DCB79}.Release|x86.Build.0 = Release|Any CPU
		{E30C750D-7883-4490-8A41-8C86A24BA03D}.Debug|Any CPU.ActiveCfg = Debug|Any CPU
		{E30C750D-7883-4490-8A41-8C86A24BA03D}.Debug|Any CPU.Build.0 = Debug|Any CPU
		{E30C750D-7883-4490-8A41-8C86A24BA03D}.Debug|x64.ActiveCfg = Debug|Any CPU
		{E30C750D-7883-4490-8A41-8C86A24BA03D}.Debug|x64.Build.0 = Debug|Any CPU
		{E30C750D-7883-4490-8A41-8C86A24BA03D}.Debug|x86.ActiveCfg = Debug|Any CPU
		{E30C750D-7883-4490-8A41-8C86A24BA03D}.Debug|x86.Build.0 = Debug|Any CPU
		{E30C750D-7883-4490-8A41-8C86A24BA03D}.Release|Any CPU.ActiveCfg = Release|Any CPU
		{E30C750D-7883-4490-8A41-8C86A24BA03D}.Release|Any CPU.Build.0 = Release|Any CPU
		{E30C750D-7883-4490-8A41-8C86A24BA03D}.Release|x64.ActiveCfg = Release|Any CPU
		{E30C750D-7883-4490-8A41-8C86A24BA03D}.Release|x64.Build.0 = Release|Any CPU
		{E30C750D-7883-4490-8A41-8C86A24BA03D}.Release|x86.ActiveCfg = Release|Any CPU
		{E30C750D-7883-4490-8A41-8C86A24BA03D}.Release|x86.Build.0 = Release|Any CPU
		{636D6F2A-6918-451B-8C76-9A539B9E7D0A}.Debug|Any CPU.ActiveCfg = Debug|Any CPU
		{636D6F2A-6918-451B-8C76-9A539B9E7D0A}.Debug|Any CPU.Build.0 = Debug|Any CPU
		{636D6F2A-6918-451B-8C76-9A539B9E7D0A}.Debug|x64.ActiveCfg = Debug|Any CPU
		{636D6F2A-6918-451B-8C76-9A539B9E7D0A}.Debug|x64.Build.0 = Debug|Any CPU
		{636D6F2A-6918-451B-8C76-9A539B9E7D0A}.Debug|x86.ActiveCfg = Debug|Any CPU
		{636D6F2A-6918-451B-8C76-9A539B9E7D0A}.Debug|x86.Build.0 = Debug|Any CPU
		{636D6F2A-6918-451B-8C76-9A539B9E7D0A}.Release|Any CPU.ActiveCfg = Release|Any CPU
		{636D6F2A-6918-451B-8C76-9A539B9E7D0A}.Release|Any CPU.Build.0 = Release|Any CPU
		{636D6F2A-6918-451B-8C76-9A539B9E7D0A}.Release|x64.ActiveCfg = Release|Any CPU
		{636D6F2A-6918-451B-8C76-9A539B9E7D0A}.Release|x64.Build.0 = Release|Any CPU
		{636D6F2A-6918-451B-8C76-9A539B9E7D0A}.Release|x86.ActiveCfg = Release|Any CPU
		{636D6F2A-6918-451B-8C76-9A539B9E7D0A}.Release|x86.Build.0 = Release|Any CPU
		{373B3E0C-F917-49D2-B82E-1B9E2C0330A6}.Debug|Any CPU.ActiveCfg = Debug|Any CPU
		{373B3E0C-F917-49D2-B82E-1B9E2C0330A6}.Debug|Any CPU.Build.0 = Debug|Any CPU
		{373B3E0C-F917-49D2-B82E-1B9E2C0330A6}.Debug|x64.ActiveCfg = Debug|Any CPU
		{373B3E0C-F917-49D2-B82E-1B9E2C0330A6}.Debug|x64.Build.0 = Debug|Any CPU
		{373B3E0C-F917-49D2-B82E-1B9E2C0330A6}.Debug|x86.ActiveCfg = Debug|Any CPU
		{373B3E0C-F917-49D2-B82E-1B9E2C0330A6}.Debug|x86.Build.0 = Debug|Any CPU
		{373B3E0C-F917-49D2-B82E-1B9E2C0330A6}.Release|Any CPU.ActiveCfg = Release|Any CPU
		{373B3E0C-F917-49D2-B82E-1B9E2C0330A6}.Release|Any CPU.Build.0 = Release|Any CPU
		{373B3E0C-F917-49D2-B82E-1B9E2C0330A6}.Release|x64.ActiveCfg = Release|Any CPU
		{373B3E0C-F917-49D2-B82E-1B9E2C0330A6}.Release|x64.Build.0 = Release|Any CPU
		{373B3E0C-F917-49D2-B82E-1B9E2C0330A6}.Release|x86.ActiveCfg = Release|Any CPU
		{373B3E0C-F917-49D2-B82E-1B9E2C0330A6}.Release|x86.Build.0 = Release|Any CPU
		{51BD2D1E-DF67-4740-AACF-96DE970ED819}.Debug|Any CPU.ActiveCfg = Debug|Any CPU
		{51BD2D1E-DF67-4740-AACF-96DE970ED819}.Debug|Any CPU.Build.0 = Debug|Any CPU
		{51BD2D1E-DF67-4740-AACF-96DE970ED819}.Debug|x64.ActiveCfg = Debug|Any CPU
		{51BD2D1E-DF67-4740-AACF-96DE970ED819}.Debug|x64.Build.0 = Debug|Any CPU
		{51BD2D1E-DF67-4740-AACF-96DE970ED819}.Debug|x86.ActiveCfg = Debug|Any CPU
		{51BD2D1E-DF67-4740-AACF-96DE970ED819}.Debug|x86.Build.0 = Debug|Any CPU
		{51BD2D1E-DF67-4740-AACF-96DE970ED819}.Release|Any CPU.ActiveCfg = Release|Any CPU
		{51BD2D1E-DF67-4740-AACF-96DE970ED819}.Release|Any CPU.Build.0 = Release|Any CPU
		{51BD2D1E-DF67-4740-AACF-96DE970ED819}.Release|x64.ActiveCfg = Release|Any CPU
		{51BD2D1E-DF67-4740-AACF-96DE970ED819}.Release|x64.Build.0 = Release|Any CPU
		{51BD2D1E-DF67-4740-AACF-96DE970ED819}.Release|x86.ActiveCfg = Release|Any CPU
		{51BD2D1E-DF67-4740-AACF-96DE970ED819}.Release|x86.Build.0 = Release|Any CPU
		{B285C7E3-C8AA-4DCD-8979-D0F46DF5B0AC}.Debug|Any CPU.ActiveCfg = Debug|Any CPU
		{B285C7E3-C8AA-4DCD-8979-D0F46DF5B0AC}.Debug|Any CPU.Build.0 = Debug|Any CPU
		{B285C7E3-C8AA-4DCD-8979-D0F46DF5B0AC}.Debug|x64.ActiveCfg = Debug|Any CPU
		{B285C7E3-C8AA-4DCD-8979-D0F46DF5B0AC}.Debug|x64.Build.0 = Debug|Any CPU
		{B285C7E3-C8AA-4DCD-8979-D0F46DF5B0AC}.Debug|x86.ActiveCfg = Debug|Any CPU
		{B285C7E3-C8AA-4DCD-8979-D0F46DF5B0AC}.Debug|x86.Build.0 = Debug|Any CPU
		{B285C7E3-C8AA-4DCD-8979-D0F46DF5B0AC}.Release|Any CPU.ActiveCfg = Release|Any CPU
		{B285C7E3-C8AA-4DCD-8979-D0F46DF5B0AC}.Release|Any CPU.Build.0 = Release|Any CPU
		{B285C7E3-C8AA-4DCD-8979-D0F46DF5B0AC}.Release|x64.ActiveCfg = Release|Any CPU
		{B285C7E3-C8AA-4DCD-8979-D0F46DF5B0AC}.Release|x64.Build.0 = Release|Any CPU
		{B285C7E3-C8AA-4DCD-8979-D0F46DF5B0AC}.Release|x86.ActiveCfg = Release|Any CPU
		{B285C7E3-C8AA-4DCD-8979-D0F46DF5B0AC}.Release|x86.Build.0 = Release|Any CPU
		{9D6B805A-2290-4645-AFE0-7B1017E4BF86}.Debug|Any CPU.ActiveCfg = Debug|Any CPU
		{9D6B805A-2290-4645-AFE0-7B1017E4BF86}.Debug|Any CPU.Build.0 = Debug|Any CPU
		{9D6B805A-2290-4645-AFE0-7B1017E4BF86}.Debug|x64.ActiveCfg = Debug|Any CPU
		{9D6B805A-2290-4645-AFE0-7B1017E4BF86}.Debug|x64.Build.0 = Debug|Any CPU
		{9D6B805A-2290-4645-AFE0-7B1017E4BF86}.Debug|x86.ActiveCfg = Debug|Any CPU
		{9D6B805A-2290-4645-AFE0-7B1017E4BF86}.Debug|x86.Build.0 = Debug|Any CPU
		{9D6B805A-2290-4645-AFE0-7B1017E4BF86}.Release|Any CPU.ActiveCfg = Release|Any CPU
		{9D6B805A-2290-4645-AFE0-7B1017E4BF86}.Release|Any CPU.Build.0 = Release|Any CPU
		{9D6B805A-2290-4645-AFE0-7B1017E4BF86}.Release|x64.ActiveCfg = Release|Any CPU
		{9D6B805A-2290-4645-AFE0-7B1017E4BF86}.Release|x64.Build.0 = Release|Any CPU
		{9D6B805A-2290-4645-AFE0-7B1017E4BF86}.Release|x86.ActiveCfg = Release|Any CPU
		{9D6B805A-2290-4645-AFE0-7B1017E4BF86}.Release|x86.Build.0 = Release|Any CPU
		{BA6E7D2A-FC55-4C67-9E9F-4D2BF9FA03C9}.Debug|Any CPU.ActiveCfg = Debug|Any CPU
		{BA6E7D2A-FC55-4C67-9E9F-4D2BF9FA03C9}.Debug|Any CPU.Build.0 = Debug|Any CPU
		{BA6E7D2A-FC55-4C67-9E9F-4D2BF9FA03C9}.Debug|x64.ActiveCfg = Debug|Any CPU
		{BA6E7D2A-FC55-4C67-9E9F-4D2BF9FA03C9}.Debug|x64.Build.0 = Debug|Any CPU
		{BA6E7D2A-FC55-4C67-9E9F-4D2BF9FA03C9}.Debug|x86.ActiveCfg = Debug|Any CPU
		{BA6E7D2A-FC55-4C67-9E9F-4D2BF9FA03C9}.Debug|x86.Build.0 = Debug|Any CPU
		{BA6E7D2A-FC55-4C67-9E9F-4D2BF9FA03C9}.Release|Any CPU.ActiveCfg = Release|Any CPU
		{BA6E7D2A-FC55-4C67-9E9F-4D2BF9FA03C9}.Release|Any CPU.Build.0 = Release|Any CPU
		{BA6E7D2A-FC55-4C67-9E9F-4D2BF9FA03C9}.Release|x64.ActiveCfg = Release|Any CPU
		{BA6E7D2A-FC55-4C67-9E9F-4D2BF9FA03C9}.Release|x64.Build.0 = Release|Any CPU
		{BA6E7D2A-FC55-4C67-9E9F-4D2BF9FA03C9}.Release|x86.ActiveCfg = Release|Any CPU
		{BA6E7D2A-FC55-4C67-9E9F-4D2BF9FA03C9}.Release|x86.Build.0 = Release|Any CPU
		{C470A22B-53EC-40AC-A6A2-85ABF934F5E4}.Debug|Any CPU.ActiveCfg = Debug|Any CPU
		{C470A22B-53EC-40AC-A6A2-85ABF934F5E4}.Debug|Any CPU.Build.0 = Debug|Any CPU
		{C470A22B-53EC-40AC-A6A2-85ABF934F5E4}.Debug|x64.ActiveCfg = Debug|Any CPU
		{C470A22B-53EC-40AC-A6A2-85ABF934F5E4}.Debug|x64.Build.0 = Debug|Any CPU
		{C470A22B-53EC-40AC-A6A2-85ABF934F5E4}.Debug|x86.ActiveCfg = Debug|Any CPU
		{C470A22B-53EC-40AC-A6A2-85ABF934F5E4}.Debug|x86.Build.0 = Debug|Any CPU
		{C470A22B-53EC-40AC-A6A2-85ABF934F5E4}.Release|Any CPU.ActiveCfg = Release|Any CPU
		{C470A22B-53EC-40AC-A6A2-85ABF934F5E4}.Release|Any CPU.Build.0 = Release|Any CPU
		{C470A22B-53EC-40AC-A6A2-85ABF934F5E4}.Release|x64.ActiveCfg = Release|Any CPU
		{C470A22B-53EC-40AC-A6A2-85ABF934F5E4}.Release|x64.Build.0 = Release|Any CPU
		{C470A22B-53EC-40AC-A6A2-85ABF934F5E4}.Release|x86.ActiveCfg = Release|Any CPU
		{C470A22B-53EC-40AC-A6A2-85ABF934F5E4}.Release|x86.Build.0 = Release|Any CPU
		{4C4338C8-930B-4A4F-802D-9E7368B76338}.Debug|Any CPU.ActiveCfg = Debug|Any CPU
		{4C4338C8-930B-4A4F-802D-9E7368B76338}.Debug|Any CPU.Build.0 = Debug|Any CPU
		{4C4338C8-930B-4A4F-802D-9E7368B76338}.Debug|x64.ActiveCfg = Debug|Any CPU
		{4C4338C8-930B-4A4F-802D-9E7368B76338}.Debug|x64.Build.0 = Debug|Any CPU
		{4C4338C8-930B-4A4F-802D-9E7368B76338}.Debug|x86.ActiveCfg = Debug|Any CPU
		{4C4338C8-930B-4A4F-802D-9E7368B76338}.Debug|x86.Build.0 = Debug|Any CPU
		{4C4338C8-930B-4A4F-802D-9E7368B76338}.Release|Any CPU.ActiveCfg = Release|Any CPU
		{4C4338C8-930B-4A4F-802D-9E7368B76338}.Release|Any CPU.Build.0 = Release|Any CPU
		{4C4338C8-930B-4A4F-802D-9E7368B76338}.Release|x64.ActiveCfg = Release|Any CPU
		{4C4338C8-930B-4A4F-802D-9E7368B76338}.Release|x64.Build.0 = Release|Any CPU
		{4C4338C8-930B-4A4F-802D-9E7368B76338}.Release|x86.ActiveCfg = Release|Any CPU
		{4C4338C8-930B-4A4F-802D-9E7368B76338}.Release|x86.Build.0 = Release|Any CPU
		{55010F09-8AD6-4CAA-8497-91B9EE149802}.Debug|Any CPU.ActiveCfg = Debug|Any CPU
		{55010F09-8AD6-4CAA-8497-91B9EE149802}.Debug|Any CPU.Build.0 = Debug|Any CPU
		{55010F09-8AD6-4CAA-8497-91B9EE149802}.Debug|x64.ActiveCfg = Debug|Any CPU
		{55010F09-8AD6-4CAA-8497-91B9EE149802}.Debug|x64.Build.0 = Debug|Any CPU
		{55010F09-8AD6-4CAA-8497-91B9EE149802}.Debug|x86.ActiveCfg = Debug|Any CPU
		{55010F09-8AD6-4CAA-8497-91B9EE149802}.Debug|x86.Build.0 = Debug|Any CPU
		{55010F09-8AD6-4CAA-8497-91B9EE149802}.Release|Any CPU.ActiveCfg = Release|Any CPU
		{55010F09-8AD6-4CAA-8497-91B9EE149802}.Release|Any CPU.Build.0 = Release|Any CPU
		{55010F09-8AD6-4CAA-8497-91B9EE149802}.Release|x64.ActiveCfg = Release|Any CPU
		{55010F09-8AD6-4CAA-8497-91B9EE149802}.Release|x64.Build.0 = Release|Any CPU
		{55010F09-8AD6-4CAA-8497-91B9EE149802}.Release|x86.ActiveCfg = Release|Any CPU
		{55010F09-8AD6-4CAA-8497-91B9EE149802}.Release|x86.Build.0 = Release|Any CPU
		{27F929F6-AC7F-4C0C-8B27-97241E42B3A0}.Debug|Any CPU.ActiveCfg = Debug|Any CPU
		{27F929F6-AC7F-4C0C-8B27-97241E42B3A0}.Debug|Any CPU.Build.0 = Debug|Any CPU
		{27F929F6-AC7F-4C0C-8B27-97241E42B3A0}.Debug|x64.ActiveCfg = Debug|Any CPU
		{27F929F6-AC7F-4C0C-8B27-97241E42B3A0}.Debug|x64.Build.0 = Debug|Any CPU
		{27F929F6-AC7F-4C0C-8B27-97241E42B3A0}.Debug|x86.ActiveCfg = Debug|Any CPU
		{27F929F6-AC7F-4C0C-8B27-97241E42B3A0}.Debug|x86.Build.0 = Debug|Any CPU
		{27F929F6-AC7F-4C0C-8B27-97241E42B3A0}.Release|Any CPU.ActiveCfg = Release|Any CPU
		{27F929F6-AC7F-4C0C-8B27-97241E42B3A0}.Release|Any CPU.Build.0 = Release|Any CPU
		{27F929F6-AC7F-4C0C-8B27-97241E42B3A0}.Release|x64.ActiveCfg = Release|Any CPU
		{27F929F6-AC7F-4C0C-8B27-97241E42B3A0}.Release|x64.Build.0 = Release|Any CPU
		{27F929F6-AC7F-4C0C-8B27-97241E42B3A0}.Release|x86.ActiveCfg = Release|Any CPU
		{27F929F6-AC7F-4C0C-8B27-97241E42B3A0}.Release|x86.Build.0 = Release|Any CPU
	EndGlobalSection
	GlobalSection(SolutionProperties) = preSolution
		HideSolutionNode = FALSE
	EndGlobalSection
	GlobalSection(NestedProjects) = preSolution
		{221BAB51-F9B3-4587-BA8A-5E70477DCB79} = {827E0CD3-B72D-47B6-A68D-7590B98EB39B}
		{E30C750D-7883-4490-8A41-8C86A24BA03D} = {827E0CD3-B72D-47B6-A68D-7590B98EB39B}
		{636D6F2A-6918-451B-8C76-9A539B9E7D0A} = {827E0CD3-B72D-47B6-A68D-7590B98EB39B}
		{373B3E0C-F917-49D2-B82E-1B9E2C0330A6} = {827E0CD3-B72D-47B6-A68D-7590B98EB39B}
		{51BD2D1E-DF67-4740-AACF-96DE970ED819} = {827E0CD3-B72D-47B6-A68D-7590B98EB39B}
		{B285C7E3-C8AA-4DCD-8979-D0F46DF5B0AC} = {827E0CD3-B72D-47B6-A68D-7590B98EB39B}
		{9D6B805A-2290-4645-AFE0-7B1017E4BF86} = {827E0CD3-B72D-47B6-A68D-7590B98EB39B}
		{BA6E7D2A-FC55-4C67-9E9F-4D2BF9FA03C9} = {827E0CD3-B72D-47B6-A68D-7590B98EB39B}
		{C470A22B-53EC-40AC-A6A2-85ABF934F5E4} = {827E0CD3-B72D-47B6-A68D-7590B98EB39B}
		{4C4338C8-930B-4A4F-802D-9E7368B76338} = {827E0CD3-B72D-47B6-A68D-7590B98EB39B}
		{55010F09-8AD6-4CAA-8497-91B9EE149802} = {827E0CD3-B72D-47B6-A68D-7590B98EB39B}
		{27F929F6-AC7F-4C0C-8B27-97241E42B3A0} = {827E0CD3-B72D-47B6-A68D-7590B98EB39B}
	EndGlobalSection
EndGlobal
